{
  "object": {
    "pins": [
      {
        "package": "StockCharts",
        "repositoryURL": "https://github.com/denniscm190/StockCharts.git",
        "state": {
          "branch": null,
          "revision": "5a374cada5703ae6da1e11f1b28afed2cc96984c",
          "version": "1.2.9"
        }
      }
    ]
  },
  "version": 1
}
